{
  "name": "NIA_V4.0_BP",
  "lockfileVersion": 3,
  "requires": true,
  "packages": {
    "": {
      "dependencies": {
        "@minecraft/server": "^1.3.0-beta.1.20.0-stable",
        "@minecraft/server-net": "^1.0.0-beta.11940b24"
      }
    },
    "node_modules/@minecraft/server": {
      "version": "1.3.0-beta.1.20.0-stable",
      "resolved": "https://registry.npmmirror.com/@minecraft/server/-/server-1.3.0-beta.1.20.0-stable.tgz",
      "integrity": "sha512-OBmJv81WzV55r7M7wwgFFTormGr6qrR4cwCWlylMQeVhbmS+x6FKYOrTahKHxcBugz0rfYl6i154TqC0FTUDEQ=="
    },
    "node_modules/@minecraft/server-admin": {
      "version": "1.0.0-beta.11940b24",
      "resolved": "https://registry.npmmirror.com/@minecraft/server-admin/-/server-admin-1.0.0-beta.11940b24.tgz",
      "integrity": "sha512-UZ8YyB8mvF31f22+uM67gJums9d6NDgz9AQ2l4a++EHUP9uen0m3aaBaqM9RyumJpRBJbv/hslAKOyeDT01qew=="
    },
    "node_modules/@minecraft/server-net": {
      "version": "1.0.0-beta.11940b24",
      "resolved": "https://registry.npmmirror.com/@minecraft/server-net/-/server-net-1.0.0-beta.11940b24.tgz",
      "integrity": "sha512-jiL03mGNpADCfvPDyydheEAhdi7J++nx5nB7Gyu3GImDlV5pv9uTwKCrnmILrLs4qJTtxhuRLKBKRlVyYDpKMw==",
      "dependencies": {
        "@minecraft/server-admin": "1.0.0-beta.11940b24"
      }
    }
  }
}
